{
    "_readme": [
        "This file locks the dependencies of your project to a known state",
        "Read more about it at https://getcomposer.org/doc/01-basic-usage.md#installing-dependencies",
        "This file is @generated automatically"
    ],
    "content-hash": "40bf06342a963a57905454f3804013df",
    "packages": [
        {
            "name": "nawasena/nawasena",
            "version": "v1.0",
            "source": {
                "type": "git",
                "url": "https://github.com/atheo810/nawasena.git",
                "reference": "f4dd6847b559b8ea51b782afe3d55a2074ad63ae"
            },
            "dist": {
                "type": "zip",
                "url": "https://api.github.com/repos/atheo810/nawasena/zipball/f4dd6847b559b8ea51b782afe3d55a2074ad63ae",
                "reference": "f4dd6847b559b8ea51b782afe3d55a2074ad63ae",
                "shasum": ""
            },
            "require": {
                "php": ">=8.1"
            },
            "type": "library",
            "autoload": {
                "psr-4": {
                    "Nawasena\\": "src/Nawasena/"
                }
            },
            "notification-url": "https://packagist.org/downloads/",
            "license": [
                "MIT"
            ],
            "authors": [
                {
                    "name": "atheo810",
                    "email": "atheos810@gmail.com"
                }
            ],
            "description": "Library for PHP Frameworks",
            "support": {
                "issues": "https://github.com/atheo810/nawasena/issues",
                "source": "https://github.com/atheo810/nawasena/tree/v1.0"
            },
            "time": "2023-01-18T09:16:27+00:00"
        }
    ],
    "packages-dev": [],
    "aliases": [],
    "minimum-stability": "stable",
    "stability-flags": [],
    "prefer-stable": false,
    "prefer-lowest": false,
    "platform": {
        "php": ">=8.1"
    },
    "platform-dev": [],
    "plugin-api-version": "2.3.0"
}
